# iFlow CLI Skills Requirements Lock File
# This file pins exact versions of all dependencies
# Generated: 2026-03-03
# Python version: 3.14+

# Core dependencies
# No external dependencies required for core functionality
# The project uses only Python standard library

# Development dependencies (uncomment to use)
# Testing
# pytest==8.0.0
# pytest-cov==4.0.0
# pytest-mock==3.10.0

# Code quality
# ruff==0.1.0
# mypy==1.0.0
# pylint==3.0.0

# Documentation
# mkdocs==1.5.0
# mkdocs-material==9.0.0

# Type stubs
# types-requests==2.28.0

# Security scanning
# safety==2.3.0
# bandit==1.7.0

# Performance profiling
# py-spy==0.3.0

# Note: To install exact versions, uncomment the packages you need and run:
# pip install -r requirements.lock